
Microsoft Visual Studio Solution File, Format Version 11.00
# Visual Studio 2010
Project("{FAE04EC0-301F-11D3-BF4B-00C04F79EFBC}") = "PAUnitTest", "PersistentArrayUnitTest\PAUnitTest.csproj", "{71E2505D-5594-43A8-97C0-AD60CA5EEC32}"
EndProject
Project("{2150E333-8FDC-42A3-9474-1A3956D46DE8}") = "Solution Items", "Solution Items", "{A86B449E-7A9E-4D14-902B-E9967AF73F2B}"
	ProjectSection(SolutionItems) = preProject
		Local.testsettings = Local.testsettings
		LocalCodeCoverage.testsettings = LocalCodeCoverage.testsettings
		SADatabase.vsmdi = SADatabase.vsmdi
		TraceAndTestImpact.testsettings = TraceAndTestImpact.testsettings
	EndProjectSection
EndProject
Project("{FAE04EC0-301F-11D3-BF4B-00C04F79EFBC}") = "PA", "PA\PA.csproj", "{B4E7D9E7-B8D6-448D-9900-26F9097B43B9}"
EndProject
Project("{FAE04EC0-301F-11D3-BF4B-00C04F79EFBC}") = "CPA", "CPA\CPA.csproj", "{8B06BE6E-82BB-4BE6-8266-94F1A8C2BAB9}"
EndProject
Project("{FAE04EC0-301F-11D3-BF4B-00C04F79EFBC}") = "CPAUnitTest", "CPAUnitTest\CPAUnitTest.csproj", "{3259F977-7977-4B1C-AAAB-E67881F47C36}"
EndProject
Project("{FAE04EC0-301F-11D3-BF4B-00C04F79EFBC}") = "PLL", "PLL\PLL.csproj", "{510FAF23-8621-40C7-8DF8-36681C22DB66}"
EndProject
Project("{FAE04EC0-301F-11D3-BF4B-00C04F79EFBC}") = "PAFS", "PAFS\PAFS.csproj", "{1AA7755D-6335-4FD7-B22F-18E6EC3444F6}"
EndProject
Project("{FAE04EC0-301F-11D3-BF4B-00C04F79EFBC}") = "PAFSUnitTest", "PAFSUnitTest\PAFSUnitTest.csproj", "{60943253-64D5-4DD3-AF5E-4E04B6934277}"
EndProject
Project("{FAE04EC0-301F-11D3-BF4B-00C04F79EFBC}") = "PLLUnitTest", "PLLUnitTest\PLLUnitTest.csproj", "{6A81FBE1-A95F-4312-B47C-B3CA2569290C}"
EndProject
Project("{FAE04EC0-301F-11D3-BF4B-00C04F79EFBC}") = "PHT", "PHT\PHT.csproj", "{93FDF2E6-4148-4AFC-8ADF-1B94A177D57F}"
EndProject
Project("{FAE04EC0-301F-11D3-BF4B-00C04F79EFBC}") = "PHTUnitTest", "PHTUnitTest\PHTUnitTest.csproj", "{E1D4B0EE-7516-412F-889F-20A3B8C5CBD9}"
EndProject
Project("{FAE04EC0-301F-11D3-BF4B-00C04F79EFBC}") = "ByteHelper", "ByteHelper\ByteHelper.csproj", "{47D220B9-38B2-436E-8061-14775EB0648B}"
EndProject
Project("{FAE04EC0-301F-11D3-BF4B-00C04F79EFBC}") = "Interfaces", "Interfaces\Interfaces.csproj", "{F3BF0412-5F00-4EC4-BF0D-09465564EB50}"
EndProject
Project("{FAE04EC0-301F-11D3-BF4B-00C04F79EFBC}") = "ByteHelperUnitTest", "ByteHelperUnitTest\ByteHelperUnitTest.csproj", "{019F9EC6-E58C-4239-B372-98D0B8D48E0D}"
EndProject
Project("{FAE04EC0-301F-11D3-BF4B-00C04F79EFBC}") = "PHM", "PHM\PHM.csproj", "{74E92473-D2DC-4408-AE59-EE5692DCEA03}"
EndProject
Project("{FAE04EC0-301F-11D3-BF4B-00C04F79EFBC}") = "PHMUnitTest", "PHMUnitTest\PHMUnitTest.csproj", "{BF942594-80FE-4EFB-BB94-AB986D39B629}"
EndProject
Project("{FAE04EC0-301F-11D3-BF4B-00C04F79EFBC}") = "FilePersistence", "FilePersistence\FilePersistence.csproj", "{C97A4D90-576E-4352-A61E-7D55274F3567}"
EndProject
Project("{FAE04EC0-301F-11D3-BF4B-00C04F79EFBC}") = "FilePersistenceUnitTest", "FilePersistenceUnitTest\FilePersistenceUnitTest.csproj", "{11BCE10A-4F31-48D1-9364-41CF08D89CDC}"
EndProject
Project("{FAE04EC0-301F-11D3-BF4B-00C04F79EFBC}") = "PersistenceUnitTest", "PersistenceUnitTest\PersistenceUnitTest.csproj", "{B0D2935A-2E57-4FFC-BB69-7FCC4AE4D54F}"
EndProject
Project("{FAE04EC0-301F-11D3-BF4B-00C04F79EFBC}") = "Persistence", "Persistence\Persistence.csproj", "{1D21C925-F865-4E80-A5B2-1F38DAD4E39D}"
EndProject
Project("{FAE04EC0-301F-11D3-BF4B-00C04F79EFBC}") = "WCFDataManager", "WCFDataManager\WCFDataManager.csproj", "{22C011F8-80DE-47E3-AA95-60E1AC98F19D}"
EndProject
Project("{FAE04EC0-301F-11D3-BF4B-00C04F79EFBC}") = "DistributedConcurrency", "DistributedConcurrency\DistributedConcurrency.csproj", "{AB95146C-E7AF-4F87-ADFD-2E78E39CCA0A}"
EndProject
Project("{FAE04EC0-301F-11D3-BF4B-00C04F79EFBC}") = "TransactionManager", "TransactionManager\TransactionManager.csproj", "{5594DAD2-4BDC-48F0-89E5-E6F18B26BB11}"
EndProject
Project("{FAE04EC0-301F-11D3-BF4B-00C04F79EFBC}") = "DCConsoleTest", "DCConsoleTest\DCConsoleTest.csproj", "{6FD45F8B-909A-4BBD-A531-26FC7A98CDC9}"
EndProject
Global
	GlobalSection(TestCaseManagementSettings) = postSolution
		CategoryFile = SADatabase.vsmdi
	EndGlobalSection
	GlobalSection(SolutionConfigurationPlatforms) = preSolution
		Debug|Any CPU = Debug|Any CPU
		Debug|Mixed Platforms = Debug|Mixed Platforms
		Debug|x86 = Debug|x86
		Release|Any CPU = Release|Any CPU
		Release|Mixed Platforms = Release|Mixed Platforms
		Release|x86 = Release|x86
	EndGlobalSection
	GlobalSection(ProjectConfigurationPlatforms) = postSolution
		{71E2505D-5594-43A8-97C0-AD60CA5EEC32}.Debug|Any CPU.ActiveCfg = Debug|Any CPU
		{71E2505D-5594-43A8-97C0-AD60CA5EEC32}.Debug|Any CPU.Build.0 = Debug|Any CPU
		{71E2505D-5594-43A8-97C0-AD60CA5EEC32}.Debug|Mixed Platforms.ActiveCfg = Debug|Any CPU
		{71E2505D-5594-43A8-97C0-AD60CA5EEC32}.Debug|Mixed Platforms.Build.0 = Debug|Any CPU
		{71E2505D-5594-43A8-97C0-AD60CA5EEC32}.Debug|x86.ActiveCfg = Debug|Any CPU
		{71E2505D-5594-43A8-97C0-AD60CA5EEC32}.Release|Any CPU.ActiveCfg = Release|Any CPU
		{71E2505D-5594-43A8-97C0-AD60CA5EEC32}.Release|Any CPU.Build.0 = Release|Any CPU
		{71E2505D-5594-43A8-97C0-AD60CA5EEC32}.Release|Mixed Platforms.ActiveCfg = Release|Any CPU
		{71E2505D-5594-43A8-97C0-AD60CA5EEC32}.Release|Mixed Platforms.Build.0 = Release|Any CPU
		{71E2505D-5594-43A8-97C0-AD60CA5EEC32}.Release|x86.ActiveCfg = Release|Any CPU
		{B4E7D9E7-B8D6-448D-9900-26F9097B43B9}.Debug|Any CPU.ActiveCfg = Debug|Any CPU
		{B4E7D9E7-B8D6-448D-9900-26F9097B43B9}.Debug|Any CPU.Build.0 = Debug|Any CPU
		{B4E7D9E7-B8D6-448D-9900-26F9097B43B9}.Debug|Mixed Platforms.ActiveCfg = Debug|Any CPU
		{B4E7D9E7-B8D6-448D-9900-26F9097B43B9}.Debug|Mixed Platforms.Build.0 = Debug|Any CPU
		{B4E7D9E7-B8D6-448D-9900-26F9097B43B9}.Debug|x86.ActiveCfg = Debug|Any CPU
		{B4E7D9E7-B8D6-448D-9900-26F9097B43B9}.Release|Any CPU.ActiveCfg = Release|Any CPU
		{B4E7D9E7-B8D6-448D-9900-26F9097B43B9}.Release|Any CPU.Build.0 = Release|Any CPU
		{B4E7D9E7-B8D6-448D-9900-26F9097B43B9}.Release|Mixed Platforms.ActiveCfg = Release|Any CPU
		{B4E7D9E7-B8D6-448D-9900-26F9097B43B9}.Release|Mixed Platforms.Build.0 = Release|Any CPU
		{B4E7D9E7-B8D6-448D-9900-26F9097B43B9}.Release|x86.ActiveCfg = Release|Any CPU
		{8B06BE6E-82BB-4BE6-8266-94F1A8C2BAB9}.Debug|Any CPU.ActiveCfg = Debug|Any CPU
		{8B06BE6E-82BB-4BE6-8266-94F1A8C2BAB9}.Debug|Any CPU.Build.0 = Debug|Any CPU
		{8B06BE6E-82BB-4BE6-8266-94F1A8C2BAB9}.Debug|Mixed Platforms.ActiveCfg = Debug|Any CPU
		{8B06BE6E-82BB-4BE6-8266-94F1A8C2BAB9}.Debug|Mixed Platforms.Build.0 = Debug|Any CPU
		{8B06BE6E-82BB-4BE6-8266-94F1A8C2BAB9}.Debug|x86.ActiveCfg = Debug|Any CPU
		{8B06BE6E-82BB-4BE6-8266-94F1A8C2BAB9}.Release|Any CPU.ActiveCfg = Release|Any CPU
		{8B06BE6E-82BB-4BE6-8266-94F1A8C2BAB9}.Release|Any CPU.Build.0 = Release|Any CPU
		{8B06BE6E-82BB-4BE6-8266-94F1A8C2BAB9}.Release|Mixed Platforms.ActiveCfg = Release|Any CPU
		{8B06BE6E-82BB-4BE6-8266-94F1A8C2BAB9}.Release|Mixed Platforms.Build.0 = Release|Any CPU
		{8B06BE6E-82BB-4BE6-8266-94F1A8C2BAB9}.Release|x86.ActiveCfg = Release|Any CPU
		{3259F977-7977-4B1C-AAAB-E67881F47C36}.Debug|Any CPU.ActiveCfg = Debug|Any CPU
		{3259F977-7977-4B1C-AAAB-E67881F47C36}.Debug|Any CPU.Build.0 = Debug|Any CPU
		{3259F977-7977-4B1C-AAAB-E67881F47C36}.Debug|Mixed Platforms.ActiveCfg = Debug|Any CPU
		{3259F977-7977-4B1C-AAAB-E67881F47C36}.Debug|Mixed Platforms.Build.0 = Debug|Any CPU
		{3259F977-7977-4B1C-AAAB-E67881F47C36}.Debug|x86.ActiveCfg = Debug|Any CPU
		{3259F977-7977-4B1C-AAAB-E67881F47C36}.Release|Any CPU.ActiveCfg = Release|Any CPU
		{3259F977-7977-4B1C-AAAB-E67881F47C36}.Release|Any CPU.Build.0 = Release|Any CPU
		{3259F977-7977-4B1C-AAAB-E67881F47C36}.Release|Mixed Platforms.ActiveCfg = Release|Any CPU
		{3259F977-7977-4B1C-AAAB-E67881F47C36}.Release|Mixed Platforms.Build.0 = Release|Any CPU
		{3259F977-7977-4B1C-AAAB-E67881F47C36}.Release|x86.ActiveCfg = Release|Any CPU
		{510FAF23-8621-40C7-8DF8-36681C22DB66}.Debug|Any CPU.ActiveCfg = Debug|Any CPU
		{510FAF23-8621-40C7-8DF8-36681C22DB66}.Debug|Any CPU.Build.0 = Debug|Any CPU
		{510FAF23-8621-40C7-8DF8-36681C22DB66}.Debug|Mixed Platforms.ActiveCfg = Debug|Any CPU
		{510FAF23-8621-40C7-8DF8-36681C22DB66}.Debug|Mixed Platforms.Build.0 = Debug|Any CPU
		{510FAF23-8621-40C7-8DF8-36681C22DB66}.Debug|x86.ActiveCfg = Debug|Any CPU
		{510FAF23-8621-40C7-8DF8-36681C22DB66}.Release|Any CPU.ActiveCfg = Release|Any CPU
		{510FAF23-8621-40C7-8DF8-36681C22DB66}.Release|Any CPU.Build.0 = Release|Any CPU
		{510FAF23-8621-40C7-8DF8-36681C22DB66}.Release|Mixed Platforms.ActiveCfg = Release|Any CPU
		{510FAF23-8621-40C7-8DF8-36681C22DB66}.Release|Mixed Platforms.Build.0 = Release|Any CPU
		{510FAF23-8621-40C7-8DF8-36681C22DB66}.Release|x86.ActiveCfg = Release|Any CPU
		{1AA7755D-6335-4FD7-B22F-18E6EC3444F6}.Debug|Any CPU.ActiveCfg = Debug|Any CPU
		{1AA7755D-6335-4FD7-B22F-18E6EC3444F6}.Debug|Any CPU.Build.0 = Debug|Any CPU
		{1AA7755D-6335-4FD7-B22F-18E6EC3444F6}.Debug|Mixed Platforms.ActiveCfg = Debug|Any CPU
		{1AA7755D-6335-4FD7-B22F-18E6EC3444F6}.Debug|Mixed Platforms.Build.0 = Debug|Any CPU
		{1AA7755D-6335-4FD7-B22F-18E6EC3444F6}.Debug|x86.ActiveCfg = Debug|Any CPU
		{1AA7755D-6335-4FD7-B22F-18E6EC3444F6}.Release|Any CPU.ActiveCfg = Release|Any CPU
		{1AA7755D-6335-4FD7-B22F-18E6EC3444F6}.Release|Any CPU.Build.0 = Release|Any CPU
		{1AA7755D-6335-4FD7-B22F-18E6EC3444F6}.Release|Mixed Platforms.ActiveCfg = Release|Any CPU
		{1AA7755D-6335-4FD7-B22F-18E6EC3444F6}.Release|Mixed Platforms.Build.0 = Release|Any CPU
		{1AA7755D-6335-4FD7-B22F-18E6EC3444F6}.Release|x86.ActiveCfg = Release|Any CPU
		{60943253-64D5-4DD3-AF5E-4E04B6934277}.Debug|Any CPU.ActiveCfg = Debug|Any CPU
		{60943253-64D5-4DD3-AF5E-4E04B6934277}.Debug|Any CPU.Build.0 = Debug|Any CPU
		{60943253-64D5-4DD3-AF5E-4E04B6934277}.Debug|Mixed Platforms.ActiveCfg = Debug|Any CPU
		{60943253-64D5-4DD3-AF5E-4E04B6934277}.Debug|Mixed Platforms.Build.0 = Debug|Any CPU
		{60943253-64D5-4DD3-AF5E-4E04B6934277}.Debug|x86.ActiveCfg = Debug|Any CPU
		{60943253-64D5-4DD3-AF5E-4E04B6934277}.Release|Any CPU.ActiveCfg = Release|Any CPU
		{60943253-64D5-4DD3-AF5E-4E04B6934277}.Release|Any CPU.Build.0 = Release|Any CPU
		{60943253-64D5-4DD3-AF5E-4E04B6934277}.Release|Mixed Platforms.ActiveCfg = Release|Any CPU
		{60943253-64D5-4DD3-AF5E-4E04B6934277}.Release|Mixed Platforms.Build.0 = Release|Any CPU
		{60943253-64D5-4DD3-AF5E-4E04B6934277}.Release|x86.ActiveCfg = Release|Any CPU
		{6A81FBE1-A95F-4312-B47C-B3CA2569290C}.Debug|Any CPU.ActiveCfg = Debug|Any CPU
		{6A81FBE1-A95F-4312-B47C-B3CA2569290C}.Debug|Any CPU.Build.0 = Debug|Any CPU
		{6A81FBE1-A95F-4312-B47C-B3CA2569290C}.Debug|Mixed Platforms.ActiveCfg = Debug|Any CPU
		{6A81FBE1-A95F-4312-B47C-B3CA2569290C}.Debug|Mixed Platforms.Build.0 = Debug|Any CPU
		{6A81FBE1-A95F-4312-B47C-B3CA2569290C}.Debug|x86.ActiveCfg = Debug|Any CPU
		{6A81FBE1-A95F-4312-B47C-B3CA2569290C}.Release|Any CPU.ActiveCfg = Release|Any CPU
		{6A81FBE1-A95F-4312-B47C-B3CA2569290C}.Release|Any CPU.Build.0 = Release|Any CPU
		{6A81FBE1-A95F-4312-B47C-B3CA2569290C}.Release|Mixed Platforms.ActiveCfg = Release|Any CPU
		{6A81FBE1-A95F-4312-B47C-B3CA2569290C}.Release|Mixed Platforms.Build.0 = Release|Any CPU
		{6A81FBE1-A95F-4312-B47C-B3CA2569290C}.Release|x86.ActiveCfg = Release|Any CPU
		{93FDF2E6-4148-4AFC-8ADF-1B94A177D57F}.Debug|Any CPU.ActiveCfg = Debug|Any CPU
		{93FDF2E6-4148-4AFC-8ADF-1B94A177D57F}.Debug|Any CPU.Build.0 = Debug|Any CPU
		{93FDF2E6-4148-4AFC-8ADF-1B94A177D57F}.Debug|Mixed Platforms.ActiveCfg = Debug|Any CPU
		{93FDF2E6-4148-4AFC-8ADF-1B94A177D57F}.Debug|Mixed Platforms.Build.0 = Debug|Any CPU
		{93FDF2E6-4148-4AFC-8ADF-1B94A177D57F}.Debug|x86.ActiveCfg = Debug|Any CPU
		{93FDF2E6-4148-4AFC-8ADF-1B94A177D57F}.Release|Any CPU.ActiveCfg = Release|Any CPU
		{93FDF2E6-4148-4AFC-8ADF-1B94A177D57F}.Release|Any CPU.Build.0 = Release|Any CPU
		{93FDF2E6-4148-4AFC-8ADF-1B94A177D57F}.Release|Mixed Platforms.ActiveCfg = Release|Any CPU
		{93FDF2E6-4148-4AFC-8ADF-1B94A177D57F}.Release|Mixed Platforms.Build.0 = Release|Any CPU
		{93FDF2E6-4148-4AFC-8ADF-1B94A177D57F}.Release|x86.ActiveCfg = Release|Any CPU
		{E1D4B0EE-7516-412F-889F-20A3B8C5CBD9}.Debug|Any CPU.ActiveCfg = Debug|Any CPU
		{E1D4B0EE-7516-412F-889F-20A3B8C5CBD9}.Debug|Any CPU.Build.0 = Debug|Any CPU
		{E1D4B0EE-7516-412F-889F-20A3B8C5CBD9}.Debug|Mixed Platforms.ActiveCfg = Debug|Any CPU
		{E1D4B0EE-7516-412F-889F-20A3B8C5CBD9}.Debug|Mixed Platforms.Build.0 = Debug|Any CPU
		{E1D4B0EE-7516-412F-889F-20A3B8C5CBD9}.Debug|x86.ActiveCfg = Debug|Any CPU
		{E1D4B0EE-7516-412F-889F-20A3B8C5CBD9}.Release|Any CPU.ActiveCfg = Release|Any CPU
		{E1D4B0EE-7516-412F-889F-20A3B8C5CBD9}.Release|Any CPU.Build.0 = Release|Any CPU
		{E1D4B0EE-7516-412F-889F-20A3B8C5CBD9}.Release|Mixed Platforms.ActiveCfg = Release|Any CPU
		{E1D4B0EE-7516-412F-889F-20A3B8C5CBD9}.Release|Mixed Platforms.Build.0 = Release|Any CPU
		{E1D4B0EE-7516-412F-889F-20A3B8C5CBD9}.Release|x86.ActiveCfg = Release|Any CPU
		{47D220B9-38B2-436E-8061-14775EB0648B}.Debug|Any CPU.ActiveCfg = Debug|Any CPU
		{47D220B9-38B2-436E-8061-14775EB0648B}.Debug|Any CPU.Build.0 = Debug|Any CPU
		{47D220B9-38B2-436E-8061-14775EB0648B}.Debug|Mixed Platforms.ActiveCfg = Debug|Any CPU
		{47D220B9-38B2-436E-8061-14775EB0648B}.Debug|Mixed Platforms.Build.0 = Debug|Any CPU
		{47D220B9-38B2-436E-8061-14775EB0648B}.Debug|x86.ActiveCfg = Debug|Any CPU
		{47D220B9-38B2-436E-8061-14775EB0648B}.Release|Any CPU.ActiveCfg = Release|Any CPU
		{47D220B9-38B2-436E-8061-14775EB0648B}.Release|Any CPU.Build.0 = Release|Any CPU
		{47D220B9-38B2-436E-8061-14775EB0648B}.Release|Mixed Platforms.ActiveCfg = Release|Any CPU
		{47D220B9-38B2-436E-8061-14775EB0648B}.Release|Mixed Platforms.Build.0 = Release|Any CPU
		{47D220B9-38B2-436E-8061-14775EB0648B}.Release|x86.ActiveCfg = Release|Any CPU
		{F3BF0412-5F00-4EC4-BF0D-09465564EB50}.Debug|Any CPU.ActiveCfg = Debug|Any CPU
		{F3BF0412-5F00-4EC4-BF0D-09465564EB50}.Debug|Any CPU.Build.0 = Debug|Any CPU
		{F3BF0412-5F00-4EC4-BF0D-09465564EB50}.Debug|Mixed Platforms.ActiveCfg = Debug|Any CPU
		{F3BF0412-5F00-4EC4-BF0D-09465564EB50}.Debug|Mixed Platforms.Build.0 = Debug|Any CPU
		{F3BF0412-5F00-4EC4-BF0D-09465564EB50}.Debug|x86.ActiveCfg = Debug|Any CPU
		{F3BF0412-5F00-4EC4-BF0D-09465564EB50}.Release|Any CPU.ActiveCfg = Release|Any CPU
		{F3BF0412-5F00-4EC4-BF0D-09465564EB50}.Release|Any CPU.Build.0 = Release|Any CPU
		{F3BF0412-5F00-4EC4-BF0D-09465564EB50}.Release|Mixed Platforms.ActiveCfg = Release|Any CPU
		{F3BF0412-5F00-4EC4-BF0D-09465564EB50}.Release|Mixed Platforms.Build.0 = Release|Any CPU
		{F3BF0412-5F00-4EC4-BF0D-09465564EB50}.Release|x86.ActiveCfg = Release|Any CPU
		{019F9EC6-E58C-4239-B372-98D0B8D48E0D}.Debug|Any CPU.ActiveCfg = Debug|Any CPU
		{019F9EC6-E58C-4239-B372-98D0B8D48E0D}.Debug|Any CPU.Build.0 = Debug|Any CPU
		{019F9EC6-E58C-4239-B372-98D0B8D48E0D}.Debug|Mixed Platforms.ActiveCfg = Debug|Any CPU
		{019F9EC6-E58C-4239-B372-98D0B8D48E0D}.Debug|Mixed Platforms.Build.0 = Debug|Any CPU
		{019F9EC6-E58C-4239-B372-98D0B8D48E0D}.Debug|x86.ActiveCfg = Debug|Any CPU
		{019F9EC6-E58C-4239-B372-98D0B8D48E0D}.Release|Any CPU.ActiveCfg = Release|Any CPU
		{019F9EC6-E58C-4239-B372-98D0B8D48E0D}.Release|Any CPU.Build.0 = Release|Any CPU
		{019F9EC6-E58C-4239-B372-98D0B8D48E0D}.Release|Mixed Platforms.ActiveCfg = Release|Any CPU
		{019F9EC6-E58C-4239-B372-98D0B8D48E0D}.Release|Mixed Platforms.Build.0 = Release|Any CPU
		{019F9EC6-E58C-4239-B372-98D0B8D48E0D}.Release|x86.ActiveCfg = Release|Any CPU
		{74E92473-D2DC-4408-AE59-EE5692DCEA03}.Debug|Any CPU.ActiveCfg = Debug|Any CPU
		{74E92473-D2DC-4408-AE59-EE5692DCEA03}.Debug|Any CPU.Build.0 = Debug|Any CPU
		{74E92473-D2DC-4408-AE59-EE5692DCEA03}.Debug|Mixed Platforms.ActiveCfg = Debug|Any CPU
		{74E92473-D2DC-4408-AE59-EE5692DCEA03}.Debug|Mixed Platforms.Build.0 = Debug|Any CPU
		{74E92473-D2DC-4408-AE59-EE5692DCEA03}.Debug|x86.ActiveCfg = Debug|Any CPU
		{74E92473-D2DC-4408-AE59-EE5692DCEA03}.Release|Any CPU.ActiveCfg = Release|Any CPU
		{74E92473-D2DC-4408-AE59-EE5692DCEA03}.Release|Any CPU.Build.0 = Release|Any CPU
		{74E92473-D2DC-4408-AE59-EE5692DCEA03}.Release|Mixed Platforms.ActiveCfg = Release|Any CPU
		{74E92473-D2DC-4408-AE59-EE5692DCEA03}.Release|Mixed Platforms.Build.0 = Release|Any CPU
		{74E92473-D2DC-4408-AE59-EE5692DCEA03}.Release|x86.ActiveCfg = Release|Any CPU
		{BF942594-80FE-4EFB-BB94-AB986D39B629}.Debug|Any CPU.ActiveCfg = Debug|Any CPU
		{BF942594-80FE-4EFB-BB94-AB986D39B629}.Debug|Any CPU.Build.0 = Debug|Any CPU
		{BF942594-80FE-4EFB-BB94-AB986D39B629}.Debug|Mixed Platforms.ActiveCfg = Debug|Any CPU
		{BF942594-80FE-4EFB-BB94-AB986D39B629}.Debug|Mixed Platforms.Build.0 = Debug|Any CPU
		{BF942594-80FE-4EFB-BB94-AB986D39B629}.Debug|x86.ActiveCfg = Debug|Any CPU
		{BF942594-80FE-4EFB-BB94-AB986D39B629}.Release|Any CPU.ActiveCfg = Release|Any CPU
		{BF942594-80FE-4EFB-BB94-AB986D39B629}.Release|Any CPU.Build.0 = Release|Any CPU
		{BF942594-80FE-4EFB-BB94-AB986D39B629}.Release|Mixed Platforms.ActiveCfg = Release|Any CPU
		{BF942594-80FE-4EFB-BB94-AB986D39B629}.Release|Mixed Platforms.Build.0 = Release|Any CPU
		{BF942594-80FE-4EFB-BB94-AB986D39B629}.Release|x86.ActiveCfg = Release|Any CPU
		{C97A4D90-576E-4352-A61E-7D55274F3567}.Debug|Any CPU.ActiveCfg = Debug|Any CPU
		{C97A4D90-576E-4352-A61E-7D55274F3567}.Debug|Any CPU.Build.0 = Debug|Any CPU
		{C97A4D90-576E-4352-A61E-7D55274F3567}.Debug|Mixed Platforms.ActiveCfg = Debug|Any CPU
		{C97A4D90-576E-4352-A61E-7D55274F3567}.Debug|Mixed Platforms.Build.0 = Debug|Any CPU
		{C97A4D90-576E-4352-A61E-7D55274F3567}.Debug|x86.ActiveCfg = Debug|Any CPU
		{C97A4D90-576E-4352-A61E-7D55274F3567}.Release|Any CPU.ActiveCfg = Release|Any CPU
		{C97A4D90-576E-4352-A61E-7D55274F3567}.Release|Any CPU.Build.0 = Release|Any CPU
		{C97A4D90-576E-4352-A61E-7D55274F3567}.Release|Mixed Platforms.ActiveCfg = Release|Any CPU
		{C97A4D90-576E-4352-A61E-7D55274F3567}.Release|Mixed Platforms.Build.0 = Release|Any CPU
		{C97A4D90-576E-4352-A61E-7D55274F3567}.Release|x86.ActiveCfg = Release|Any CPU
		{11BCE10A-4F31-48D1-9364-41CF08D89CDC}.Debug|Any CPU.ActiveCfg = Debug|Any CPU
		{11BCE10A-4F31-48D1-9364-41CF08D89CDC}.Debug|Any CPU.Build.0 = Debug|Any CPU
		{11BCE10A-4F31-48D1-9364-41CF08D89CDC}.Debug|Mixed Platforms.ActiveCfg = Debug|Any CPU
		{11BCE10A-4F31-48D1-9364-41CF08D89CDC}.Debug|Mixed Platforms.Build.0 = Debug|Any CPU
		{11BCE10A-4F31-48D1-9364-41CF08D89CDC}.Debug|x86.ActiveCfg = Debug|Any CPU
		{11BCE10A-4F31-48D1-9364-41CF08D89CDC}.Release|Any CPU.ActiveCfg = Release|Any CPU
		{11BCE10A-4F31-48D1-9364-41CF08D89CDC}.Release|Any CPU.Build.0 = Release|Any CPU
		{11BCE10A-4F31-48D1-9364-41CF08D89CDC}.Release|Mixed Platforms.ActiveCfg = Release|Any CPU
		{11BCE10A-4F31-48D1-9364-41CF08D89CDC}.Release|Mixed Platforms.Build.0 = Release|Any CPU
		{11BCE10A-4F31-48D1-9364-41CF08D89CDC}.Release|x86.ActiveCfg = Release|Any CPU
		{B0D2935A-2E57-4FFC-BB69-7FCC4AE4D54F}.Debug|Any CPU.ActiveCfg = Debug|Any CPU
		{B0D2935A-2E57-4FFC-BB69-7FCC4AE4D54F}.Debug|Any CPU.Build.0 = Debug|Any CPU
		{B0D2935A-2E57-4FFC-BB69-7FCC4AE4D54F}.Debug|Mixed Platforms.ActiveCfg = Debug|Any CPU
		{B0D2935A-2E57-4FFC-BB69-7FCC4AE4D54F}.Debug|Mixed Platforms.Build.0 = Debug|Any CPU
		{B0D2935A-2E57-4FFC-BB69-7FCC4AE4D54F}.Debug|x86.ActiveCfg = Debug|Any CPU
		{B0D2935A-2E57-4FFC-BB69-7FCC4AE4D54F}.Release|Any CPU.ActiveCfg = Release|Any CPU
		{B0D2935A-2E57-4FFC-BB69-7FCC4AE4D54F}.Release|Any CPU.Build.0 = Release|Any CPU
		{B0D2935A-2E57-4FFC-BB69-7FCC4AE4D54F}.Release|Mixed Platforms.ActiveCfg = Release|Any CPU
		{B0D2935A-2E57-4FFC-BB69-7FCC4AE4D54F}.Release|Mixed Platforms.Build.0 = Release|Any CPU
		{B0D2935A-2E57-4FFC-BB69-7FCC4AE4D54F}.Release|x86.ActiveCfg = Release|Any CPU
		{1D21C925-F865-4E80-A5B2-1F38DAD4E39D}.Debug|Any CPU.ActiveCfg = Debug|Any CPU
		{1D21C925-F865-4E80-A5B2-1F38DAD4E39D}.Debug|Any CPU.Build.0 = Debug|Any CPU
		{1D21C925-F865-4E80-A5B2-1F38DAD4E39D}.Debug|Mixed Platforms.ActiveCfg = Debug|Any CPU
		{1D21C925-F865-4E80-A5B2-1F38DAD4E39D}.Debug|Mixed Platforms.Build.0 = Debug|Any CPU
		{1D21C925-F865-4E80-A5B2-1F38DAD4E39D}.Debug|x86.ActiveCfg = Debug|Any CPU
		{1D21C925-F865-4E80-A5B2-1F38DAD4E39D}.Release|Any CPU.ActiveCfg = Release|Any CPU
		{1D21C925-F865-4E80-A5B2-1F38DAD4E39D}.Release|Any CPU.Build.0 = Release|Any CPU
		{1D21C925-F865-4E80-A5B2-1F38DAD4E39D}.Release|Mixed Platforms.ActiveCfg = Release|Any CPU
		{1D21C925-F865-4E80-A5B2-1F38DAD4E39D}.Release|Mixed Platforms.Build.0 = Release|Any CPU
		{1D21C925-F865-4E80-A5B2-1F38DAD4E39D}.Release|x86.ActiveCfg = Release|Any CPU
		{22C011F8-80DE-47E3-AA95-60E1AC98F19D}.Debug|Any CPU.ActiveCfg = Debug|Any CPU
		{22C011F8-80DE-47E3-AA95-60E1AC98F19D}.Debug|Any CPU.Build.0 = Debug|Any CPU
		{22C011F8-80DE-47E3-AA95-60E1AC98F19D}.Debug|Mixed Platforms.ActiveCfg = Debug|Any CPU
		{22C011F8-80DE-47E3-AA95-60E1AC98F19D}.Debug|x86.ActiveCfg = Debug|Any CPU
		{22C011F8-80DE-47E3-AA95-60E1AC98F19D}.Release|Any CPU.ActiveCfg = Release|Any CPU
		{22C011F8-80DE-47E3-AA95-60E1AC98F19D}.Release|Any CPU.Build.0 = Release|Any CPU
		{22C011F8-80DE-47E3-AA95-60E1AC98F19D}.Release|Mixed Platforms.ActiveCfg = Release|Any CPU
		{22C011F8-80DE-47E3-AA95-60E1AC98F19D}.Release|x86.ActiveCfg = Release|Any CPU
		{AB95146C-E7AF-4F87-ADFD-2E78E39CCA0A}.Debug|Any CPU.ActiveCfg = Debug|Any CPU
		{AB95146C-E7AF-4F87-ADFD-2E78E39CCA0A}.Debug|Any CPU.Build.0 = Debug|Any CPU
		{AB95146C-E7AF-4F87-ADFD-2E78E39CCA0A}.Debug|Mixed Platforms.ActiveCfg = Debug|Any CPU
		{AB95146C-E7AF-4F87-ADFD-2E78E39CCA0A}.Debug|Mixed Platforms.Build.0 = Debug|Any CPU
		{AB95146C-E7AF-4F87-ADFD-2E78E39CCA0A}.Debug|x86.ActiveCfg = Debug|Any CPU
		{AB95146C-E7AF-4F87-ADFD-2E78E39CCA0A}.Release|Any CPU.ActiveCfg = Release|Any CPU
		{AB95146C-E7AF-4F87-ADFD-2E78E39CCA0A}.Release|Any CPU.Build.0 = Release|Any CPU
		{AB95146C-E7AF-4F87-ADFD-2E78E39CCA0A}.Release|Mixed Platforms.ActiveCfg = Release|Any CPU
		{AB95146C-E7AF-4F87-ADFD-2E78E39CCA0A}.Release|Mixed Platforms.Build.0 = Release|Any CPU
		{AB95146C-E7AF-4F87-ADFD-2E78E39CCA0A}.Release|x86.ActiveCfg = Release|Any CPU
		{5594DAD2-4BDC-48F0-89E5-E6F18B26BB11}.Debug|Any CPU.ActiveCfg = Debug|Any CPU
		{5594DAD2-4BDC-48F0-89E5-E6F18B26BB11}.Debug|Any CPU.Build.0 = Debug|Any CPU
		{5594DAD2-4BDC-48F0-89E5-E6F18B26BB11}.Debug|Mixed Platforms.ActiveCfg = Debug|Any CPU
		{5594DAD2-4BDC-48F0-89E5-E6F18B26BB11}.Debug|x86.ActiveCfg = Debug|Any CPU
		{5594DAD2-4BDC-48F0-89E5-E6F18B26BB11}.Release|Any CPU.ActiveCfg = Release|Any CPU
		{5594DAD2-4BDC-48F0-89E5-E6F18B26BB11}.Release|Any CPU.Build.0 = Release|Any CPU
		{5594DAD2-4BDC-48F0-89E5-E6F18B26BB11}.Release|Mixed Platforms.ActiveCfg = Release|Any CPU
		{5594DAD2-4BDC-48F0-89E5-E6F18B26BB11}.Release|x86.ActiveCfg = Release|Any CPU
		{6FD45F8B-909A-4BBD-A531-26FC7A98CDC9}.Debug|Any CPU.ActiveCfg = Debug|x86
		{6FD45F8B-909A-4BBD-A531-26FC7A98CDC9}.Debug|Mixed Platforms.ActiveCfg = Debug|x86
		{6FD45F8B-909A-4BBD-A531-26FC7A98CDC9}.Debug|Mixed Platforms.Build.0 = Debug|x86
		{6FD45F8B-909A-4BBD-A531-26FC7A98CDC9}.Debug|x86.ActiveCfg = Debug|x86
		{6FD45F8B-909A-4BBD-A531-26FC7A98CDC9}.Debug|x86.Build.0 = Debug|x86
		{6FD45F8B-909A-4BBD-A531-26FC7A98CDC9}.Release|Any CPU.ActiveCfg = Release|x86
		{6FD45F8B-909A-4BBD-A531-26FC7A98CDC9}.Release|Mixed Platforms.ActiveCfg = Release|x86
		{6FD45F8B-909A-4BBD-A531-26FC7A98CDC9}.Release|Mixed Platforms.Build.0 = Release|x86
		{6FD45F8B-909A-4BBD-A531-26FC7A98CDC9}.Release|x86.ActiveCfg = Release|x86
		{6FD45F8B-909A-4BBD-A531-26FC7A98CDC9}.Release|x86.Build.0 = Release|x86
	EndGlobalSection
	GlobalSection(SolutionProperties) = preSolution
		HideSolutionNode = FALSE
	EndGlobalSection
EndGlobal
